PODS:
  - Kingfisher (7.12.0)
  - SnapKit (5.7.1)

DEPENDENCIES:
  - Kingfisher (~> 7.0)
  - SnapKit (~> 5.7.0)

SPEC REPOS:
  trunk:
    - Kingfisher
    - SnapKit

SPEC CHECKSUMS:
  Kingfisher: 53a10ea35051a436b5fb626ca2dd8f3144d755e9
  SnapKit: d612e99e678a2d3b95bf60b0705ed0a35c03484a

PODFILE CHECKSUM: 3bd4069b8deaf3ef1ecbb7d92fda388c0b5dd79f

COCOAPODS: 1.15.2
